
Microsoft Visual Studio Solution File, Format Version 12.00
# Visual Studio Version 17
VisualStudioVersion = 17.9.34728.123
MinimumVisualStudioVersion = 10.0.40219.1
Project("{FAE04EC0-301F-11D3-BF4B-00C04F79EFBC}") = "ELM.API", "ELM.API.csproj", "{81E010BC-965F-4E89-B319-1559D5A72C59}"
EndProject
Global
	GlobalSection(SolutionConfigurationPlatforms) = preSolution
		Debug|Any CPU = Debug|Any CPU
		Release|Any CPU = Release|Any CPU
	EndGlobalSection
	GlobalSection(ProjectConfigurationPlatforms) = postSolution
		{81E010BC-965F-4E89-B319-1559D5A72C59}.Debug|Any CPU.ActiveCfg = Debug|Any CPU
		{81E010BC-965F-4E89-B319-1559D5A72C59}.Debug|Any CPU.Build.0 = Debug|Any CPU
		{81E010BC-965F-4E89-B319-1559D5A72C59}.Release|Any CPU.ActiveCfg = Release|Any CPU
		{81E010BC-965F-4E89-B319-1559D5A72C59}.Release|Any CPU.Build.0 = Release|Any CPU
	EndGlobalSection
	GlobalSection(SolutionProperties) = preSolution
		HideSolutionNode = FALSE
	EndGlobalSection
	GlobalSection(ExtensibilityGlobals) = postSolution
		SolutionGuid = {320AB8B6-34CC-4596-83B6-3E7F50694C72}
	EndGlobalSection
EndGlobal
